
Microsoft Visual Studio Solution File, Format Version 12.00
# Visual Studio Version 17
VisualStudioVersion = 17.14.36623.8
MinimumVisualStudioVersion = 10.0.40219.1
Project("{FAE04EC0-301F-11D3-BF4B-00C04F79EFBC}") = "Grafy TAiO", "Grafy TAiO\Grafy TAiO.csproj", "{0E64770C-788D-418A-8417-DECC53675E89}"
EndProject
Global
	GlobalSection(SolutionConfigurationPlatforms) = preSolution
		Debug|Any CPU = Debug|Any CPU
		Release|Any CPU = Release|Any CPU
	EndGlobalSection
	GlobalSection(ProjectConfigurationPlatforms) = postSolution
		{0E64770C-788D-418A-8417-DECC53675E89}.Debug|Any CPU.ActiveCfg = Release|Any CPU
		{0E64770C-788D-418A-8417-DECC53675E89}.Debug|Any CPU.Build.0 = Release|Any CPU
		{0E64770C-788D-418A-8417-DECC53675E89}.Release|Any CPU.ActiveCfg = Release|Any CPU
		{0E64770C-788D-418A-8417-DECC53675E89}.Release|Any CPU.Build.0 = Release|Any CPU
	EndGlobalSection
	GlobalSection(SolutionProperties) = preSolution
		HideSolutionNode = FALSE
	EndGlobalSection
	GlobalSection(ExtensibilityGlobals) = postSolution
		SolutionGuid = {D539E971-B423-4F90-9E77-05E1A5381102}
	EndGlobalSection
EndGlobal
